
Microsoft Visual Studio Solution File, Format Version 12.00
# Visual Studio 15
VisualStudioVersion = 15.0.27004.2005
MinimumVisualStudioVersion = 10.0.40219.1
Project("{8BC9CEB8-8B4A-11D0-8D11-00A0C91BC942}") = "Engine", "Engine\Engine.vcxproj", "{5499A3F6-3330-4936-8147-AF2F3D5CAB3D}"
EndProject
Project("{8BC9CEB8-8B4A-11D0-8D11-00A0C91BC942}") = "Game", "Game\Game.vcxproj", "{EC43C968-88CB-42DD-9E9B-DBE54268BA35}"
	ProjectSection(ProjectDependencies) = postProject
		{5499A3F6-3330-4936-8147-AF2F3D5CAB3D} = {5499A3F6-3330-4936-8147-AF2F3D5CAB3D}
	EndProjectSection
EndProject
Project("{2150E333-8FDC-42A3-9474-1A3956D46DE8}") = "Tests", "Tests", "{F269DF39-06F3-4378-BB4B-3EB7A7EA1D99}"
EndProject
Project("{2150E333-8FDC-42A3-9474-1A3956D46DE8}") = "Main", "Main", "{73A1D0CC-A218-4B36-99BB-69EAE6E87EFF}"
EndProject
Project("{8BC9CEB8-8B4A-11D0-8D11-00A0C91BC942}") = "Basic_Triangle", "Test\Basic_Triangle\Basic_Triangle.vcxproj", "{BCE116CD-C490-4B0E-A923-043707EFC723}"
	ProjectSection(ProjectDependencies) = postProject
		{5499A3F6-3330-4936-8147-AF2F3D5CAB3D} = {5499A3F6-3330-4936-8147-AF2F3D5CAB3D}
	EndProjectSection
EndProject
Project("{8BC9CEB8-8B4A-11D0-8D11-00A0C91BC942}") = "Basic_Sound", "Test\Basic_Sound\Basic_Sound.vcxproj", "{3A3F9DE8-9B55-43E0-A804-0F2E9793F3A4}"
EndProject
Global
	GlobalSection(SolutionConfigurationPlatforms) = preSolution
		Debug|x64 = Debug|x64
		Debug|x86 = Debug|x86
		Release|x64 = Release|x64
		Release|x86 = Release|x86
	EndGlobalSection
	GlobalSection(ProjectConfigurationPlatforms) = postSolution
		{5499A3F6-3330-4936-8147-AF2F3D5CAB3D}.Debug|x64.ActiveCfg = Debug|x64
		{5499A3F6-3330-4936-8147-AF2F3D5CAB3D}.Debug|x64.Build.0 = Debug|x64
		{5499A3F6-3330-4936-8147-AF2F3D5CAB3D}.Debug|x86.ActiveCfg = Debug|Win32
		{5499A3F6-3330-4936-8147-AF2F3D5CAB3D}.Debug|x86.Build.0 = Debug|Win32
		{5499A3F6-3330-4936-8147-AF2F3D5CAB3D}.Release|x64.ActiveCfg = Release|x64
		{5499A3F6-3330-4936-8147-AF2F3D5CAB3D}.Release|x64.Build.0 = Release|x64
		{5499A3F6-3330-4936-8147-AF2F3D5CAB3D}.Release|x86.ActiveCfg = Release|Win32
		{5499A3F6-3330-4936-8147-AF2F3D5CAB3D}.Release|x86.Build.0 = Release|Win32
		{EC43C968-88CB-42DD-9E9B-DBE54268BA35}.Debug|x64.ActiveCfg = Debug|x64
		{EC43C968-88CB-42DD-9E9B-DBE54268BA35}.Debug|x64.Build.0 = Debug|x64
		{EC43C968-88CB-42DD-9E9B-DBE54268BA35}.Debug|x86.ActiveCfg = Debug|Win32
		{EC43C968-88CB-42DD-9E9B-DBE54268BA35}.Debug|x86.Build.0 = Debug|Win32
		{EC43C968-88CB-42DD-9E9B-DBE54268BA35}.Release|x64.ActiveCfg = Release|x64
		{EC43C968-88CB-42DD-9E9B-DBE54268BA35}.Release|x64.Build.0 = Release|x64
		{EC43C968-88CB-42DD-9E9B-DBE54268BA35}.Release|x86.ActiveCfg = Release|Win32
		{EC43C968-88CB-42DD-9E9B-DBE54268BA35}.Release|x86.Build.0 = Release|Win32
		{BCE116CD-C490-4B0E-A923-043707EFC723}.Debug|x64.ActiveCfg = Debug|x64
		{BCE116CD-C490-4B0E-A923-043707EFC723}.Debug|x64.Build.0 = Debug|x64
		{BCE116CD-C490-4B0E-A923-043707EFC723}.Debug|x86.ActiveCfg = Debug|Win32
		{BCE116CD-C490-4B0E-A923-043707EFC723}.Debug|x86.Build.0 = Debug|Win32
		{BCE116CD-C490-4B0E-A923-043707EFC723}.Release|x64.ActiveCfg = Release|x64
		{BCE116CD-C490-4B0E-A923-043707EFC723}.Release|x64.Build.0 = Release|x64
		{BCE116CD-C490-4B0E-A923-043707EFC723}.Release|x86.ActiveCfg = Release|Win32
		{BCE116CD-C490-4B0E-A923-043707EFC723}.Release|x86.Build.0 = Release|Win32
		{3A3F9DE8-9B55-43E0-A804-0F2E9793F3A4}.Debug|x64.ActiveCfg = Debug|x64
		{3A3F9DE8-9B55-43E0-A804-0F2E9793F3A4}.Debug|x64.Build.0 = Debug|x64
		{3A3F9DE8-9B55-43E0-A804-0F2E9793F3A4}.Debug|x86.ActiveCfg = Debug|Win32
		{3A3F9DE8-9B55-43E0-A804-0F2E9793F3A4}.Debug|x86.Build.0 = Debug|Win32
		{3A3F9DE8-9B55-43E0-A804-0F2E9793F3A4}.Release|x64.ActiveCfg = Release|x64
		{3A3F9DE8-9B55-43E0-A804-0F2E9793F3A4}.Release|x64.Build.0 = Release|x64
		{3A3F9DE8-9B55-43E0-A804-0F2E9793F3A4}.Release|x86.ActiveCfg = Release|Win32
		{3A3F9DE8-9B55-43E0-A804-0F2E9793F3A4}.Release|x86.Build.0 = Release|Win32
	EndGlobalSection
	GlobalSection(SolutionProperties) = preSolution
		HideSolutionNode = FALSE
	EndGlobalSection
	GlobalSection(NestedProjects) = preSolution
		{5499A3F6-3330-4936-8147-AF2F3D5CAB3D} = {73A1D0CC-A218-4B36-99BB-69EAE6E87EFF}
		{EC43C968-88CB-42DD-9E9B-DBE54268BA35} = {73A1D0CC-A218-4B36-99BB-69EAE6E87EFF}
		{BCE116CD-C490-4B0E-A923-043707EFC723} = {F269DF39-06F3-4378-BB4B-3EB7A7EA1D99}
		{3A3F9DE8-9B55-43E0-A804-0F2E9793F3A4} = {F269DF39-06F3-4378-BB4B-3EB7A7EA1D99}
	EndGlobalSection
	GlobalSection(ExtensibilityGlobals) = postSolution
		SolutionGuid = {F8A6F66C-91E3-4C86-BA15-5A4AC966A728}
	EndGlobalSection
EndGlobal
